// !$*UTF8*$!
{
	archiveVersion = 1;
	classes = {
	};
	objectVersion = 46;
	objects = {

/* Begin PBXBuildFile section */
		C4053CC21EE6660C00252F64 /* AppDelegate.swift in Sources */ = {isa = PBXBuildFile; fileRef = C4053CC11EE6660C00252F64 /* AppDelegate.swift */; };
		C4053CC41EE6660C00252F64 /* ViewController.swift in Sources */ = {isa = PBXBuildFile; fileRef = C4053CC31EE6660C00252F64 /* ViewController.swift */; };
		C4053CC71EE6660C00252F64 /* Main.storyboard in Resources */ = {isa = PBXBuildFile; fileRef = C4053CC51EE6660C00252F64 /* Main.storyboard */; };
		C4053CC91EE6660C00252F64 /* Assets.xcassets in Resources */ = {isa = PBXBuildFile; fileRef = C4053CC81EE6660C00252F64 /* Assets.xcassets */; };
		C4053CCC1EE6660C00252F64 /* LaunchScreen.storyboard in Resources */ = {isa = PBXBuildFile; fileRef = C4053CCA1EE6660C00252F64 /* LaunchScreen.storyboard */; };
/* End PBXBuildFile section */

/* Begin PBXFileReference section */
		C4053CBE1EE6660C00252F64 /* Learn Table View.app */ = {isa = PBXFileReference; explicitFileType = wrapper.application; includeInIndex = 0; path = "Learn Table View.app"; sourceTree = BUILT_PRODUCTS_DIR; };
		C4053CC11EE6660C00252F64 /* AppDelegate.swift */ = {isa = PBXFileReference; lastKnownFileType = sourcecode.swift; path = AppDelegate.swift; sourceTree = "<group>"; };
		C4053CC31EE6660C00252F64 /* ViewController.swift */ = {isa = PBXFileReference; lastKnownFileType = sourcecode.swift; path = ViewController.swift; sourceTree = "<group>"; };
		C4053CC61EE6660C00252F64 /* Base */ = {isa = PBXFileReference; lastKnownFileType = file.storyboard; name = Base; path = Base.lproj/Main.storyboard; sourceTree = "<group>"; };
		C4053CC81EE6660C00252F64 /* Assets.xcassets */ = {isa = PBXFileReference; lastKnownFileType = folder.assetcatalog; path = Assets.xcassets; sourceTree = "<group>"; };
		C4053CCB1EE6660C00252F64 /* Base */ = {isa = PBXFileReference; lastKnownFileType = file.storyboard; name = Base; path = Base.lproj/LaunchScreen.storyboard; sourceTree = "<group>"; };
		C4053CCD1EE6660C00252F64 /* Info.plist */ = {isa = PBXFileReference; lastKnownFileType = text.plist.xml; path = Info.plist; sourceTree = "<group>"; };
/* End PBXFileReference section */

/* Begin PBXFrameworksBuildPhase section */
		C4053CBB1EE6660C00252F64 /* Frameworks */ = {
			isa = PBXFrameworksBuildPhase;
			buildActionMask = 2147483647;
			files = (
			);
			runOnlyForDeploymentPostprocessing = 0;
		};
/* End PBXFrameworksBuildPhase section */

/* Begin PBXGroup section */
		C4053CB51EE6660C00252F64 = {
			isa = PBXGroup;
			children = (
				C4053CC01EE6660C00252F64 /* Learn Table View */,
				C4053CBF1EE6660C00252F64 /* Products */,
			);
			sourceTree = "<group>";
		};
		C4053CBF1EE6660C00252F64 /* Products */ = {
			isa = PBXGroup;
			children = (
				C4053CBE1EE6660C00252F64 /* Learn Table View.app */,
			);
			name = Products;
			sourceTree = "<group>";
		};
		C4053CC01EE6660C00252F64 /* Learn Table View */ = {
			isa = PBXGroup;
			children = (
				C4053CC11EE6660C00252F64 /* AppDelegate.swift */,
				C4053CC31EE6660C00252F64 /* ViewController.swift */,
				C4053CC51EE6660C00252F64 /* Main.storyboard */,
				C4053CC81EE6660C00252F64 /* Assets.xcassets */,
				C4053CCA1EE6660C00252F64 /* LaunchScreen.storyboard */,
				C4053CCD1EE6660C00252F64 /* Info.plist */,
			);
			path = "Learn Table View";
			sourceTree = "<group>";
		};
/* End PBXGroup section */

/* Begin PBXNativeTarget section */
		C4053CBD1EE6660C00252F64 /* Learn Table View */ = {
			isa = PBXNativeTarget;
			buildConfigurationList = C4053CD01EE6660C00252F64 /* Build configuration list for PBXNativeTarget "Learn Table View" */;
			buildPhases = (
				C4053CBA1EE6660C00252F64 /* Sources */,
				C4053CBB1EE6660C00252F64 /* Frameworks */,
				C4053CBC1EE6660C00252F64 /* Resources */,
			);
			buildRules = (
			);
			dependencies = (
			);
			name = "Learn Table View";
			productName = "Learn Table View";
			productReference = C4053CBE1EE6660C00252F64 /* Learn Table View.app */;
			productType = "com.apple.product-type.application";
		};
/* End PBXNativeTarget section */

/* Begin PBXProject section */
		C4053CB61EE6660C00252F64 /* Project object */ = {
			isa = PBXProject;
			attributes = {
				LastSwiftUpdateCheck = 0830;
				LastUpgradeCheck = 0830;
				ORGANIZATIONNAME = EWTC;
				TargetAttributes = {
					C4053CBD1EE6660C00252F64 = {
						CreatedOnToolsVersion = 8.3.2;
						ProvisioningStyle = Automatic;
					};
				};
			};
			buildConfigurationList = C4053CB91EE6660C00252F64 /* Build configuration list for PBXProject "Learn Table View" */;
			compatibilityVersion = "Xcode 3.2";
			developmentRegion = English;
			hasScannedForEncodings = 0;
			knownRegions = (
				en,
				Base,
			);
			mainGroup = C4053CB51EE6660C00252F64;
			productRefGroup = C4053CBF1EE6660C00252F64 /* Products */;
			projectDirPath = "";
			projectRoot = "";
			targets = (
				C4053CBD1EE6660C00252F64 /* Learn Table View */,
			);
		};
/* End PBXProject section */

/* Begin PBXResourcesBuildPhase section */
		C4053CBC1EE6660C00252F64 /* Resources */ = {
			isa = PBXResourcesBuildPhase;
			buildActionMask = 2147483647;
			files = (
				C4053CCC1EE6660C00252F64 /* LaunchScreen.storyboard in Resources */,
				C4053CC91EE6660C00252F64 /* Assets.xcassets in Resources */,
				C4053CC71EE6660C00252F64 /* Main.storyboard in Resources */,
			);
			runOnlyForDeploymentPostprocessing = 0;
		};
/* End PBXResourcesBuildPhase section */

/* Begin PBXSourcesBuildPhase section */
		C4053CBA1EE6660C00252F64 /* Sources */ = {
			isa = PBXSourcesBuildPhase;
			buildActionMask = 2147483647;
			files = (
				C4053CC41EE6660C00252F64 /* ViewController.swift in Sources */,
				C4053CC21EE6660C00252F64 /* AppDelegate.swift in Sources */,
			);
			runOnlyForDeploymentPostprocessing = 0;
		};
/* End PBXSourcesBuildPhase section */

/* Begin PBXVariantGroup section */
		C4053CC51EE6660C00252F64 /* Main.storyboard */ = {
			isa = PBXVariantGroup;
			children = (
				C4053CC61EE6660C00252F64 /* Base */,
			);
			name = Main.storyboard;
			sourceTree = "<group>";
		};
		C4053CCA1EE6660C00252F64 /* LaunchScreen.storyboard */ = {
			isa = PBXVariantGroup;
			children = (
				C4053CCB1EE6660C00252F64 /* Base */,
			);
			name = LaunchScreen.storyboard;
			sourceTree = "<group>";
		};
/* End PBXVariantGroup section */

/* Begin XCBuildConfiguration section */
		C4053CCE1EE6660C00252F64 /* Debug */ = {
			isa = XCBuildConfiguration;
			buildSettings = {
				ALWAYS_SEARCH_USER_PATHS = NO;
				CLANG_ANALYZER_NONNULL = YES;
				CLANG_ANALYZER_NUMBER_OBJECT_CONVERSION = YES_AGGRESSIVE;
				CLANG_CXX_LANGUAGE_STANDARD = "gnu++0x";
				CLANG_CXX_LIBRARY = "libc++";
				CLANG_ENABLE_MODULES = YES;
				CLANG_ENABLE_OBJC_ARC = YES;
				CLANG_WARN_BOOL_CONVERSION = YES;
				CLANG_WARN_CONSTANT_CONVERSION = YES;
				CLANG_WARN_DIRECT_OBJC_ISA_USAGE = YES_ERROR;
				CLANG_WARN_DOCUMENTATION_COMMENTS = YES;
				CLANG_WARN_EMPTY_BODY = YES;
				CLANG_WARN_ENUM_CONVERSION = YES;
				CLANG_WARN_INFINITE_RECURSION = YES;
				CLANG_WARN_INT_CONVERSION = YES;
				CLANG_WARN_OBJC_ROOT_CLASS = YES_ERROR;
				CLANG_WARN_SUSPICIOUS_MOVE = YES;
				CLANG_WARN_UNREACHABLE_CODE = YES;
				CLANG_WARN__DUPLICATE_METHOD_MATCH = YES;
				"CODE_SIGN_IDENTITY[sdk=iphoneos*]" = "iPhone Developer";
				COPY_PHASE_STRIP = NO;
				DEBUG_INFORMATION_FORMAT = dwarf;
				ENABLE_STRICT_OBJC_MSGSEND = YES;
				ENABLE_TESTABILITY = YES;
				GCC_C_LANGUAGE_STANDARD = gnu99;
				GCC_DYNAMIC_NO_PIC = NO;
				GCC_NO_COMMON_BLOCKS = YES;
				GCC_OPTIMIZATION_LEVEL = 0;
				GCC_PREPROCESSOR_DEFINITIONS = (
					"DEBUG=1",
					"$(inherited)",
				);
				GCC_WARN_64_TO_32_BIT_CONVERSION = YES;
				GCC_WARN_ABOUT_RETURN_TYPE = YES_ERROR;
				GCC_WARN_UNDECLARED_SELECTOR = YES;
				GCC_WARN_UNINITIALIZED_AUTOS = YES_AGGRESSIVE;
				GCC_WARN_UNUSED_FUNCTION = YES;
				GCC_WARN_UNUSED_VARIABLE = YES;
				IPHONEOS_DEPLOYMENT_TARGET = 10.3;
				MTL_ENABLE_DEBUG_INFO = YES;
				ONLY_ACTIVE_ARCH = YES;
				SDKROOT = iphoneos;
				SWIFT_ACTIVE_COMPILATION_CONDITIONS = DEBUG;
				SWIFT_OPTIMIZATION_LEVEL = "-Onone";
			};
			name = Debug;
		};
		C4053CCF1EE6660C00252F64 /* Release */ = {
			isa = XCBuildConfiguration;
			buildSettings = {
				ALWAYS_SEARCH_USER_PATHS = NO;
				CLANG_ANALYZER_NONNULL = YES;
				CLANG_ANALYZER_NUMBER_OBJECT_CONVERSION = YES_AGGRESSIVE;
				CLANG_CXX_LANGUAGE_STANDARD = "gnu++0x";
				CLANG_CXX_LIBRARY = "libc++";
				CLANG_ENABLE_MODULES = YES;
				CLANG_ENABLE_OBJC_ARC = YES;
				CLANG_WARN_BOOL_CONVERSION = YES;
				CLANG_WARN_CONSTANT_CONVERSION = YES;
				CLANG_WARN_DIRECT_OBJC_ISA_USAGE = YES_ERROR;
				CLANG_WARN_DOCUMENTATION_COMMENTS = YES;
				CLANG_WARN_EMPTY_BODY = YES;
				CLANG_WARN_ENUM_CONVERSION = YES;
				CLANG_WARN_INFINITE_RECURSION = YES;
				CLANG_WARN_INT_CONVERSION = YES;
				CLANG_WARN_OBJC_ROOT_CLASS = YES_ERROR;
				CLANG_WARN_SUSPICIOUS_MOVE = YES;
				CLANG_WARN_UNREACHABLE_CODE = YES;
				CLANG_WARN__DUPLICATE_METHOD_MATCH = YES;
				"CODE_SIGN_IDENTITY[sdk=iphoneos*]" = "iPhone Developer";
				COPY_PHASE_STRIP = NO;
				DEBUG_INFORMATION_FORMAT = "dwarf-with-dsym";
				ENABLE_NS_ASSERTIONS = NO;
				ENABLE_STRICT_OBJC_MSGSEND = YES;
				GCC_C_LANGUAGE_STANDARD = gnu99;
				GCC_NO_COMMON_BLOCKS = YES;
				GCC_WARN_64_TO_32_BIT_CONVERSION = YES;
				GCC_WARN_ABOUT_RETURN_TYPE = YES_ERROR;
				GCC_WARN_UNDECLARED_SELECTOR = YES;
				GCC_WARN_UNINITIALIZED_AUTOS = YES_AGGRESSIVE;
				GCC_WARN_UNUSED_FUNCTION = YES;
				GCC_WARN_UNUSED_VARIABLE = YES;
				IPHONEOS_DEPLOYMENT_TARGET = 10.3;
				MTL_ENABLE_DEBUG_INFO = NO;
				SDKROOT = iphoneos;
				SWIFT_OPTIMIZATION_LEVEL = "-Owholemodule";
				VALIDATE_PRODUCT = YES;
			};
			name = Release;
		};
		C4053CD11EE6660C00252F64 /* Debug */ = {
			isa = XCBuildConfiguration;
			buildSettings = {
				ASSETCATALOG_COMPILER_APPICON_NAME = AppIcon;
				INFOPLIST_FILE = "Learn Table View/Info.plist";
				LD_RUNPATH_SEARCH_PATHS = "$(inherited) @executable_path/Frameworks";
				PRODUCT_BUNDLE_IDENTIFIER = "app.MasterUNG.Learn-Table-View";
				PRODUCT_NAME = "$(TARGET_NAME)";
				SWIFT_VERSION = 3.0;
			};
			name = Debug;
		};
		C4053CD21EE6660C00252F64 /* Release */ = {
			isa = XCBuildConfiguration;
			buildSettings = {
				ASSETCATALOG_COMPILER_APPICON_NAME = AppIcon;
				INFOPLIST_FILE = "Learn Table View/Info.plist";
				LD_RUNPATH_SEARCH_PATHS = "$(inherited) @executable_path/Frameworks";
				PRODUCT_BUNDLE_IDENTIFIER = "app.MasterUNG.Learn-Table-View";
				PRODUCT_NAME = "$(TARGET_NAME)";
				SWIFT_VERSION = 3.0;
			};
			name = Release;
		};
/* End XCBuildConfiguration section */

/* Begin XCConfigurationList section */
		C4053CB91EE6660C00252F64 /* Build configuration list for PBXProject "Learn Table View" */ = {
			isa = XCConfigurationList;
			buildConfigurations = (
				C4053CCE1EE6660C00252F64 /* Debug */,
				C4053CCF1EE6660C00252F64 /* Release */,
			);
			defaultConfigurationIsVisible = 0;
			defaultConfigurationName = Release;
		};
		C4053CD01EE6660C00252F64 /* Build configuration list for PBXNativeTarget "Learn Table View" */ = {
			isa = XCConfigurationList;
			buildConfigurations = (
				C4053CD11EE6660C00252F64 /* Debug */,
				C4053CD21EE6660C00252F64 /* Release */,
			);
			defaultConfigurationIsVisible = 0;
		};
/* End XCConfigurationList section */
	};
	rootObject = C4053CB61EE6660C00252F64 /* Project object */;
}
